
Microsoft Visual Studio Solution File, Format Version 12.00
# Visual Studio Version 17
VisualStudioVersion = 17.14.36202.13 d17.14
MinimumVisualStudioVersion = 10.0.40219.1
Project("{FAE04EC0-301F-11D3-BF4B-00C04F79EFBC}") = "wl.chat", "wl.chat.csproj", "{16B06F2A-9F95-E4D5-41FA-7471FEE744EE}"
EndProject
Global
	GlobalSection(SolutionConfigurationPlatforms) = preSolution
		Debug|Any CPU = Debug|Any CPU
		Release|Any CPU = Release|Any CPU
	EndGlobalSection
	GlobalSection(ProjectConfigurationPlatforms) = postSolution
		{16B06F2A-9F95-E4D5-41FA-7471FEE744EE}.Debug|Any CPU.ActiveCfg = Debug|Any CPU
		{16B06F2A-9F95-E4D5-41FA-7471FEE744EE}.Debug|Any CPU.Build.0 = Debug|Any CPU
		{16B06F2A-9F95-E4D5-41FA-7471FEE744EE}.Release|Any CPU.ActiveCfg = Release|Any CPU
		{16B06F2A-9F95-E4D5-41FA-7471FEE744EE}.Release|Any CPU.Build.0 = Release|Any CPU
	EndGlobalSection
	GlobalSection(SolutionProperties) = preSolution
		HideSolutionNode = FALSE
	EndGlobalSection
	GlobalSection(ExtensibilityGlobals) = postSolution
		SolutionGuid = {47394910-AEF7-4392-AD6E-001DD08373ED}
	EndGlobalSection
EndGlobal
